{
  "name": "tiny-mongoose-schemas",
  "version": "1.0.2",
  "lockfileVersion": 1,
  "requires": true,
  "dependencies": {
    "@types/bson": {
      "version": "1.0.4",
      "resolved": "https://registry.npmjs.org/@types/bson/-/bson-1.0.4.tgz",
      "integrity": "sha512-/nysVvxwup1WniGHIM31UZXM+6727h4FAa2tZpFSQBooBcl2Bh1N9oQmVVg8QYnjchN/DOGi7UvVN0jpzWL6sw==",
      "dev": true,
      "requires": {
        "@types/node": "8.0.28"
      }
    },
    "@types/mongodb": {
      "version": "2.2.11",
      "resolved": "https://registry.npmjs.org/@types/mongodb/-/mongodb-2.2.11.tgz",
      "integrity": "sha512-kksYkn34+ENpZqUvGYq0IGOOa4SOhFnMfqCepF789CP+QBgeWok9osTCiAStbc8n4Cv3QSXGmpB5T3PGzL50bQ==",
      "dev": true,
      "requires": {
        "@types/bson": "1.0.4",
        "@types/node": "8.0.28"
      }
    },
    "@types/mongoose": {
      "version": "4.7.21",
      "resolved": "https://registry.npmjs.org/@types/mongoose/-/mongoose-4.7.21.tgz",
      "integrity": "sha512-yRzDhkpO0WwxNRCX6Osg8PAsxR9fskfPvQaaQ3P7WcKa211+P9mRCvKgbdtgbKY2Wzc3TApxo5FRz107DomMuw==",
      "dev": true,
      "requires": {
        "@types/mongodb": "2.2.11",
        "@types/node": "8.0.28"
      }
    },
    "@types/node": {
      "version": "8.0.28",
      "resolved": "https://registry.npmjs.org/@types/node/-/node-8.0.28.tgz",
      "integrity": "sha512-HupkFXEv3O3KSzcr3Ylfajg0kaerBg1DyaZzRBBQfrU3NN1mTBRE7sCveqHwXLS5Yrjvww8qFzkzYQQakG9FuQ==",
      "dev": true
    },
    "tiny-promises": {
      "version": "1.0.8",
      "resolved": "https://registry.npmjs.org/tiny-promises/-/tiny-promises-1.0.8.tgz",
      "integrity": "sha512-m9JAaiy4r/6NWGNo1f9wfOEWyKMY+31z6YDN0V+KnCYgGNOARl4mRAAciQKq9PiDRZoPjwV3zxND3QbH7sSNlA=="
    }
  }
}
